// !$*UTF8*$!
{
	archiveVersion = 1;
	classes = {
	};
	objectVersion = 46;
	objects = {

/* Begin PBXBuildFile section */
		200AFDC119FFFD5B001D9173 /* AppDelegate.swift in Sources */ = {isa = PBXBuildFile; fileRef = 200AFDC019FFFD5B001D9173 /* AppDelegate.swift */; };
		200AFDC319FFFD5B001D9173 /* GameScene.sks in Resources */ = {isa = PBXBuildFile; fileRef = 200AFDC219FFFD5B001D9173 /* GameScene.sks */; };
		200AFDC519FFFD5B001D9173 /* GameScene.swift in Sources */ = {isa = PBXBuildFile; fileRef = 200AFDC419FFFD5B001D9173 /* GameScene.swift */; };
		200AFDC719FFFD5B001D9173 /* GameViewController.swift in Sources */ = {isa = PBXBuildFile; fileRef = 200AFDC619FFFD5B001D9173 /* GameViewController.swift */; };
		200AFDCA19FFFD5B001D9173 /* Main.storyboard in Resources */ = {isa = PBXBuildFile; fileRef = 200AFDC819FFFD5B001D9173 /* Main.storyboard */; };
		200AFDCC19FFFD5B001D9173 /* Images.xcassets in Resources */ = {isa = PBXBuildFile; fileRef = 200AFDCB19FFFD5B001D9173 /* Images.xcassets */; };
		200AFDCF19FFFD5B001D9173 /* LaunchScreen.xib in Resources */ = {isa = PBXBuildFile; fileRef = 200AFDCD19FFFD5B001D9173 /* LaunchScreen.xib */; };
		200AFDDB19FFFD5B001D9173 /* ShittyGameTests.swift in Sources */ = {isa = PBXBuildFile; fileRef = 200AFDDA19FFFD5B001D9173 /* ShittyGameTests.swift */; };
/* End PBXBuildFile section */

/* Begin PBXContainerItemProxy section */
		200AFDD519FFFD5B001D9173 /* PBXContainerItemProxy */ = {
			isa = PBXContainerItemProxy;
			containerPortal = 200AFDB319FFFD5B001D9173 /* Project object */;
			proxyType = 1;
			remoteGlobalIDString = 200AFDBA19FFFD5B001D9173;
			remoteInfo = ShittyGame;
		};
/* End PBXContainerItemProxy section */

/* Begin PBXFileReference section */
		200AFDBB19FFFD5B001D9173 /* ShittyGame.app */ = {isa = PBXFileReference; explicitFileType = wrapper.application; includeInIndex = 0; path = ShittyGame.app; sourceTree = BUILT_PRODUCTS_DIR; };
		200AFDBF19FFFD5B001D9173 /* Info.plist */ = {isa = PBXFileReference; lastKnownFileType = text.plist.xml; path = Info.plist; sourceTree = "<group>"; };
		200AFDC019FFFD5B001D9173 /* AppDelegate.swift */ = {isa = PBXFileReference; lastKnownFileType = sourcecode.swift; path = AppDelegate.swift; sourceTree = "<group>"; };
		200AFDC219FFFD5B001D9173 /* GameScene.sks */ = {isa = PBXFileReference; lastKnownFileType = file.sks; path = GameScene.sks; sourceTree = "<group>"; };
		200AFDC419FFFD5B001D9173 /* GameScene.swift */ = {isa = PBXFileReference; lastKnownFileType = sourcecode.swift; path = GameScene.swift; sourceTree = "<group>"; };
		200AFDC619FFFD5B001D9173 /* GameViewController.swift */ = {isa = PBXFileReference; lastKnownFileType = sourcecode.swift; path = GameViewController.swift; sourceTree = "<group>"; };
		200AFDC919FFFD5B001D9173 /* Base */ = {isa = PBXFileReference; lastKnownFileType = file.storyboard; name = Base; path = Base.lproj/Main.storyboard; sourceTree = "<group>"; };
		200AFDCB19FFFD5B001D9173 /* Images.xcassets */ = {isa = PBXFileReference; lastKnownFileType = folder.assetcatalog; path = Images.xcassets; sourceTree = "<group>"; };
		200AFDCE19FFFD5B001D9173 /* Base */ = {isa = PBXFileReference; lastKnownFileType = file.xib; name = Base; path = Base.lproj/LaunchScreen.xib; sourceTree = "<group>"; };
		200AFDD419FFFD5B001D9173 /* ShittyGameTests.xctest */ = {isa = PBXFileReference; explicitFileType = wrapper.cfbundle; includeInIndex = 0; path = ShittyGameTests.xctest; sourceTree = BUILT_PRODUCTS_DIR; };
		200AFDD919FFFD5B001D9173 /* Info.plist */ = {isa = PBXFileReference; lastKnownFileType = text.plist.xml; path = Info.plist; sourceTree = "<group>"; };
		200AFDDA19FFFD5B001D9173 /* ShittyGameTests.swift */ = {isa = PBXFileReference; lastKnownFileType = sourcecode.swift; path = ShittyGameTests.swift; sourceTree = "<group>"; };
/* End PBXFileReference section */

/* Begin PBXFrameworksBuildPhase section */
		200AFDB819FFFD5B001D9173 /* Frameworks */ = {
			isa = PBXFrameworksBuildPhase;
			buildActionMask = 2147483647;
			files = (
			);
			runOnlyForDeploymentPostprocessing = 0;
		};
		200AFDD119FFFD5B001D9173 /* Frameworks */ = {
			isa = PBXFrameworksBuildPhase;
			buildActionMask = 2147483647;
			files = (
			);
			runOnlyForDeploymentPostprocessing = 0;
		};
/* End PBXFrameworksBuildPhase section */

/* Begin PBXGroup section */
		200AFDB219FFFD5B001D9173 = {
			isa = PBXGroup;
			children = (
				200AFDBD19FFFD5B001D9173 /* ShittyGame */,
				200AFDD719FFFD5B001D9173 /* ShittyGameTests */,
				200AFDBC19FFFD5B001D9173 /* Products */,
			);
			sourceTree = "<group>";
		};
		200AFDBC19FFFD5B001D9173 /* Products */ = {
			isa = PBXGroup;
			children = (
				200AFDBB19FFFD5B001D9173 /* ShittyGame.app */,
				200AFDD419FFFD5B001D9173 /* ShittyGameTests.xctest */,
			);
			name = Products;
			sourceTree = "<group>";
		};
		200AFDBD19FFFD5B001D9173 /* ShittyGame */ = {
			isa = PBXGroup;
			children = (
				200AFDC019FFFD5B001D9173 /* AppDelegate.swift */,
				200AFDC219FFFD5B001D9173 /* GameScene.sks */,
				200AFDC419FFFD5B001D9173 /* GameScene.swift */,
				200AFDC619FFFD5B001D9173 /* GameViewController.swift */,
				200AFDC819FFFD5B001D9173 /* Main.storyboard */,
				200AFDCB19FFFD5B001D9173 /* Images.xcassets */,
				200AFDCD19FFFD5B001D9173 /* LaunchScreen.xib */,
				200AFDBE19FFFD5B001D9173 /* Supporting Files */,
			);
			path = ShittyGame;
			sourceTree = "<group>";
		};
		200AFDBE19FFFD5B001D9173 /* Supporting Files */ = {
			isa = PBXGroup;
			children = (
				200AFDBF19FFFD5B001D9173 /* Info.plist */,
			);
			name = "Supporting Files";
			sourceTree = "<group>";
		};
		200AFDD719FFFD5B001D9173 /* ShittyGameTests */ = {
			isa = PBXGroup;
			children = (
				200AFDDA19FFFD5B001D9173 /* ShittyGameTests.swift */,
				200AFDD819FFFD5B001D9173 /* Supporting Files */,
			);
			path = ShittyGameTests;
			sourceTree = "<group>";
		};
		200AFDD819FFFD5B001D9173 /* Supporting Files */ = {
			isa = PBXGroup;
			children = (
				200AFDD919FFFD5B001D9173 /* Info.plist */,
			);
			name = "Supporting Files";
			sourceTree = "<group>";
		};
/* End PBXGroup section */

/* Begin PBXNativeTarget section */
		200AFDBA19FFFD5B001D9173 /* ShittyGame */ = {
			isa = PBXNativeTarget;
			buildConfigurationList = 200AFDDE19FFFD5B001D9173 /* Build configuration list for PBXNativeTarget "ShittyGame" */;
			buildPhases = (
				200AFDB719FFFD5B001D9173 /* Sources */,
				200AFDB819FFFD5B001D9173 /* Frameworks */,
				200AFDB919FFFD5B001D9173 /* Resources */,
			);
			buildRules = (
			);
			dependencies = (
			);
			name = ShittyGame;
			productName = ShittyGame;
			productReference = 200AFDBB19FFFD5B001D9173 /* ShittyGame.app */;
			productType = "com.apple.product-type.application";
		};
		200AFDD319FFFD5B001D9173 /* ShittyGameTests */ = {
			isa = PBXNativeTarget;
			buildConfigurationList = 200AFDE119FFFD5B001D9173 /* Build configuration list for PBXNativeTarget "ShittyGameTests" */;
			buildPhases = (
				200AFDD019FFFD5B001D9173 /* Sources */,
				200AFDD119FFFD5B001D9173 /* Frameworks */,
				200AFDD219FFFD5B001D9173 /* Resources */,
			);
			buildRules = (
			);
			dependencies = (
				200AFDD619FFFD5B001D9173 /* PBXTargetDependency */,
			);
			name = ShittyGameTests;
			productName = ShittyGameTests;
			productReference = 200AFDD419FFFD5B001D9173 /* ShittyGameTests.xctest */;
			productType = "com.apple.product-type.bundle.unit-test";
		};
/* End PBXNativeTarget section */

/* Begin PBXProject section */
		200AFDB319FFFD5B001D9173 /* Project object */ = {
			isa = PBXProject;
			attributes = {
				LastUpgradeCheck = 0610;
				ORGANIZATIONNAME = "Reform Act";
				TargetAttributes = {
					200AFDBA19FFFD5B001D9173 = {
						CreatedOnToolsVersion = 6.1;
					};
					200AFDD319FFFD5B001D9173 = {
						CreatedOnToolsVersion = 6.1;
						TestTargetID = 200AFDBA19FFFD5B001D9173;
					};
				};
			};
			buildConfigurationList = 200AFDB619FFFD5B001D9173 /* Build configuration list for PBXProject "ShittyGame" */;
			compatibilityVersion = "Xcode 3.2";
			developmentRegion = English;
			hasScannedForEncodings = 0;
			knownRegions = (
				en,
				Base,
			);
			mainGroup = 200AFDB219FFFD5B001D9173;
			productRefGroup = 200AFDBC19FFFD5B001D9173 /* Products */;
			projectDirPath = "";
			projectRoot = "";
			targets = (
				200AFDBA19FFFD5B001D9173 /* ShittyGame */,
				200AFDD319FFFD5B001D9173 /* ShittyGameTests */,
			);
		};
/* End PBXProject section */

/* Begin PBXResourcesBuildPhase section */
		200AFDB919FFFD5B001D9173 /* Resources */ = {
			isa = PBXResourcesBuildPhase;
			buildActionMask = 2147483647;
			files = (
				200AFDCF19FFFD5B001D9173 /* LaunchScreen.xib in Resources */,
				200AFDCC19FFFD5B001D9173 /* Images.xcassets in Resources */,
				200AFDC319FFFD5B001D9173 /* GameScene.sks in Resources */,
				200AFDCA19FFFD5B001D9173 /* Main.storyboard in Resources */,
			);
			runOnlyForDeploymentPostprocessing = 0;
		};
		200AFDD219FFFD5B001D9173 /* Resources */ = {
			isa = PBXResourcesBuildPhase;
			buildActionMask = 2147483647;
			files = (
			);
			runOnlyForDeploymentPostprocessing = 0;
		};
/* End PBXResourcesBuildPhase section */

/* Begin PBXSourcesBuildPhase section */
		200AFDB719FFFD5B001D9173 /* Sources */ = {
			isa = PBXSourcesBuildPhase;
			buildActionMask = 2147483647;
			files = (
				200AFDC519FFFD5B001D9173 /* GameScene.swift in Sources */,
				200AFDC719FFFD5B001D9173 /* GameViewController.swift in Sources */,
				200AFDC119FFFD5B001D9173 /* AppDelegate.swift in Sources */,
			);
			runOnlyForDeploymentPostprocessing = 0;
		};
		200AFDD019FFFD5B001D9173 /* Sources */ = {
			isa = PBXSourcesBuildPhase;
			buildActionMask = 2147483647;
			files = (
				200AFDDB19FFFD5B001D9173 /* ShittyGameTests.swift in Sources */,
			);
			runOnlyForDeploymentPostprocessing = 0;
		};
/* End PBXSourcesBuildPhase section */

/* Begin PBXTargetDependency section */
		200AFDD619FFFD5B001D9173 /* PBXTargetDependency */ = {
			isa = PBXTargetDependency;
			target = 200AFDBA19FFFD5B001D9173 /* ShittyGame */;
			targetProxy = 200AFDD519FFFD5B001D9173 /* PBXContainerItemProxy */;
		};
/* End PBXTargetDependency section */

/* Begin PBXVariantGroup section */
		200AFDC819FFFD5B001D9173 /* Main.storyboard */ = {
			isa = PBXVariantGroup;
			children = (
				200AFDC919FFFD5B001D9173 /* Base */,
			);
			name = Main.storyboard;
			sourceTree = "<group>";
		};
		200AFDCD19FFFD5B001D9173 /* LaunchScreen.xib */ = {
			isa = PBXVariantGroup;
			children = (
				200AFDCE19FFFD5B001D9173 /* Base */,
			);
			name = LaunchScreen.xib;
			sourceTree = "<group>";
		};
/* End PBXVariantGroup section */

/* Begin XCBuildConfiguration section */
		200AFDDC19FFFD5B001D9173 /* Debug */ = {
			isa = XCBuildConfiguration;
			buildSettings = {
				ALWAYS_SEARCH_USER_PATHS = NO;
				CLANG_CXX_LANGUAGE_STANDARD = "gnu++0x";
				CLANG_CXX_LIBRARY = "libc++";
				CLANG_ENABLE_MODULES = YES;
				CLANG_ENABLE_OBJC_ARC = YES;
				CLANG_WARN_BOOL_CONVERSION = YES;
				CLANG_WARN_CONSTANT_CONVERSION = YES;
				CLANG_WARN_DIRECT_OBJC_ISA_USAGE = YES_ERROR;
				CLANG_WARN_EMPTY_BODY = YES;
				CLANG_WARN_ENUM_CONVERSION = YES;
				CLANG_WARN_INT_CONVERSION = YES;
				CLANG_WARN_OBJC_ROOT_CLASS = YES_ERROR;
				CLANG_WARN_UNREACHABLE_CODE = YES;
				CLANG_WARN__DUPLICATE_METHOD_MATCH = YES;
				"CODE_SIGN_IDENTITY[sdk=iphoneos*]" = "iPhone Developer";
				COPY_PHASE_STRIP = NO;
				ENABLE_STRICT_OBJC_MSGSEND = YES;
				GCC_C_LANGUAGE_STANDARD = gnu99;
				GCC_DYNAMIC_NO_PIC = NO;
				GCC_OPTIMIZATION_LEVEL = 0;
				GCC_PREPROCESSOR_DEFINITIONS = (
					"DEBUG=1",
					"$(inherited)",
				);
				GCC_SYMBOLS_PRIVATE_EXTERN = NO;
				GCC_WARN_64_TO_32_BIT_CONVERSION = YES;
				GCC_WARN_ABOUT_RETURN_TYPE = YES_ERROR;
				GCC_WARN_UNDECLARED_SELECTOR = YES;
				GCC_WARN_UNINITIALIZED_AUTOS = YES_AGGRESSIVE;
				GCC_WARN_UNUSED_FUNCTION = YES;
				GCC_WARN_UNUSED_VARIABLE = YES;
				IPHONEOS_DEPLOYMENT_TARGET = 8.1;
				MTL_ENABLE_DEBUG_INFO = YES;
				ONLY_ACTIVE_ARCH = YES;
				SDKROOT = iphoneos;
				SWIFT_OPTIMIZATION_LEVEL = "-Onone";
			};
			name = Debug;
		};
		200AFDDD19FFFD5B001D9173 /* Release */ = {
			isa = XCBuildConfiguration;
			buildSettings = {
				ALWAYS_SEARCH_USER_PATHS = NO;
				CLANG_CXX_LANGUAGE_STANDARD = "gnu++0x";
				CLANG_CXX_LIBRARY = "libc++";
				CLANG_ENABLE_MODULES = YES;
				CLANG_ENABLE_OBJC_ARC = YES;
				CLANG_WARN_BOOL_CONVERSION = YES;
				CLANG_WARN_CONSTANT_CONVERSION = YES;
				CLANG_WARN_DIRECT_OBJC_ISA_USAGE = YES_ERROR;
				CLANG_WARN_EMPTY_BODY = YES;
				CLANG_WARN_ENUM_CONVERSION = YES;
				CLANG_WARN_INT_CONVERSION = YES;
				CLANG_WARN_OBJC_ROOT_CLASS = YES_ERROR;
				CLANG_WARN_UNREACHABLE_CODE = YES;
				CLANG_WARN__DUPLICATE_METHOD_MATCH = YES;
				"CODE_SIGN_IDENTITY[sdk=iphoneos*]" = "iPhone Developer";
				COPY_PHASE_STRIP = YES;
				ENABLE_NS_ASSERTIONS = NO;
				ENABLE_STRICT_OBJC_MSGSEND = YES;
				GCC_C_LANGUAGE_STANDARD = gnu99;
				GCC_WARN_64_TO_32_BIT_CONVERSION = YES;
				GCC_WARN_ABOUT_RETURN_TYPE = YES_ERROR;
				GCC_WARN_UNDECLARED_SELECTOR = YES;
				GCC_WARN_UNINITIALIZED_AUTOS = YES_AGGRESSIVE;
				GCC_WARN_UNUSED_FUNCTION = YES;
				GCC_WARN_UNUSED_VARIABLE = YES;
				IPHONEOS_DEPLOYMENT_TARGET = 8.1;
				MTL_ENABLE_DEBUG_INFO = NO;
				SDKROOT = iphoneos;
				VALIDATE_PRODUCT = YES;
			};
			name = Release;
		};
		200AFDDF19FFFD5B001D9173 /* Debug */ = {
			isa = XCBuildConfiguration;
			buildSettings = {
				ASSETCATALOG_COMPILER_APPICON_NAME = AppIcon;
				INFOPLIST_FILE = ShittyGame/Info.plist;
				LD_RUNPATH_SEARCH_PATHS = "$(inherited) @executable_path/Frameworks";
				PRODUCT_NAME = "$(TARGET_NAME)";
			};
			name = Debug;
		};
		200AFDE019FFFD5B001D9173 /* Release */ = {
			isa = XCBuildConfiguration;
			buildSettings = {
				ASSETCATALOG_COMPILER_APPICON_NAME = AppIcon;
				INFOPLIST_FILE = ShittyGame/Info.plist;
				LD_RUNPATH_SEARCH_PATHS = "$(inherited) @executable_path/Frameworks";
				PRODUCT_NAME = "$(TARGET_NAME)";
			};
			name = Release;
		};
		200AFDE219FFFD5B001D9173 /* Debug */ = {
			isa = XCBuildConfiguration;
			buildSettings = {
				BUNDLE_LOADER = "$(TEST_HOST)";
				FRAMEWORK_SEARCH_PATHS = (
					"$(SDKROOT)/Developer/Library/Frameworks",
					"$(inherited)",
				);
				GCC_PREPROCESSOR_DEFINITIONS = (
					"DEBUG=1",
					"$(inherited)",
				);
				INFOPLIST_FILE = ShittyGameTests/Info.plist;
				LD_RUNPATH_SEARCH_PATHS = "$(inherited) @executable_path/Frameworks @loader_path/Frameworks";
				PRODUCT_NAME = "$(TARGET_NAME)";
				TEST_HOST = "$(BUILT_PRODUCTS_DIR)/ShittyGame.app/ShittyGame";
			};
			name = Debug;
		};
		200AFDE319FFFD5B001D9173 /* Release */ = {
			isa = XCBuildConfiguration;
			buildSettings = {
				BUNDLE_LOADER = "$(TEST_HOST)";
				FRAMEWORK_SEARCH_PATHS = (
					"$(SDKROOT)/Developer/Library/Frameworks",
					"$(inherited)",
				);
				INFOPLIST_FILE = ShittyGameTests/Info.plist;
				LD_RUNPATH_SEARCH_PATHS = "$(inherited) @executable_path/Frameworks @loader_path/Frameworks";
				PRODUCT_NAME = "$(TARGET_NAME)";
				TEST_HOST = "$(BUILT_PRODUCTS_DIR)/ShittyGame.app/ShittyGame";
			};
			name = Release;
		};
/* End XCBuildConfiguration section */

/* Begin XCConfigurationList section */
		200AFDB619FFFD5B001D9173 /* Build configuration list for PBXProject "ShittyGame" */ = {
			isa = XCConfigurationList;
			buildConfigurations = (
				200AFDDC19FFFD5B001D9173 /* Debug */,
				200AFDDD19FFFD5B001D9173 /* Release */,
			);
			defaultConfigurationIsVisible = 0;
			defaultConfigurationName = Release;
		};
		200AFDDE19FFFD5B001D9173 /* Build configuration list for PBXNativeTarget "ShittyGame" */ = {
			isa = XCConfigurationList;
			buildConfigurations = (
				200AFDDF19FFFD5B001D9173 /* Debug */,
				200AFDE019FFFD5B001D9173 /* Release */,
			);
			defaultConfigurationIsVisible = 0;
		};
		200AFDE119FFFD5B001D9173 /* Build configuration list for PBXNativeTarget "ShittyGameTests" */ = {
			isa = XCConfigurationList;
			buildConfigurations = (
				200AFDE219FFFD5B001D9173 /* Debug */,
				200AFDE319FFFD5B001D9173 /* Release */,
			);
			defaultConfigurationIsVisible = 0;
		};
/* End XCConfigurationList section */
	};
	rootObject = 200AFDB319FFFD5B001D9173 /* Project object */;
}
